
Microsoft Visual Studio Solution File, Format Version 12.00
# Visual Studio Version 17
VisualStudioVersion = 17.11.35312.102
MinimumVisualStudioVersion = 10.0.40219.1
Project("{FAE04EC0-301F-11D3-BF4B-00C04F79EFBC}") = "HexMapCities", "HexMapCities\HexMapCities.csproj", "{25B8D6CF-9645-4759-84B1-F0F5F0F81B2F}"
EndProject
Project("{FAE04EC0-301F-11D3-BF4B-00C04F79EFBC}") = "HexMapCities.Tests", "HexMapCities.Tests\HexMapCities.Tests.csproj", "{4203280F-EFE3-4751-A14D-10DB0CA8DA6C}"
EndProject
Global
	GlobalSection(SolutionConfigurationPlatforms) = preSolution
		Debug|Any CPU = Debug|Any CPU
		Release|Any CPU = Release|Any CPU
	EndGlobalSection
	GlobalSection(ProjectConfigurationPlatforms) = postSolution
		{25B8D6CF-9645-4759-84B1-F0F5F0F81B2F}.Debug|Any CPU.ActiveCfg = Debug|Any CPU
		{25B8D6CF-9645-4759-84B1-F0F5F0F81B2F}.Debug|Any CPU.Build.0 = Debug|Any CPU
		{25B8D6CF-9645-4759-84B1-F0F5F0F81B2F}.Release|Any CPU.ActiveCfg = Release|Any CPU
		{25B8D6CF-9645-4759-84B1-F0F5F0F81B2F}.Release|Any CPU.Build.0 = Release|Any CPU
		{4203280F-EFE3-4751-A14D-10DB0CA8DA6C}.Debug|Any CPU.ActiveCfg = Debug|Any CPU
		{4203280F-EFE3-4751-A14D-10DB0CA8DA6C}.Debug|Any CPU.Build.0 = Debug|Any CPU
		{4203280F-EFE3-4751-A14D-10DB0CA8DA6C}.Release|Any CPU.ActiveCfg = Release|Any CPU
		{4203280F-EFE3-4751-A14D-10DB0CA8DA6C}.Release|Any CPU.Build.0 = Release|Any CPU
	EndGlobalSection
	GlobalSection(SolutionProperties) = preSolution
		HideSolutionNode = FALSE
	EndGlobalSection
	GlobalSection(ExtensibilityGlobals) = postSolution
		SolutionGuid = {E5523BC8-A10B-4FC1-8844-0EADCB91DBC9}
	EndGlobalSection
EndGlobal
